
Microsoft Visual Studio Solution File, Format Version 12.00
# Visual Studio Version 16
VisualStudioVersion = 16.0.29920.165
MinimumVisualStudioVersion = 10.0.40219.1
Project("{FAE04EC0-301F-11D3-BF4B-00C04F79EFBC}") = "pruebagithubT", "pruebagithubT\pruebagithubT.csproj", "{580F43FA-1212-4C48-BFB8-638C1C4B7938}"
EndProject
Global
	GlobalSection(SolutionConfigurationPlatforms) = preSolution
		Debug|Any CPU = Debug|Any CPU
		Release|Any CPU = Release|Any CPU
	EndGlobalSection
	GlobalSection(ProjectConfigurationPlatforms) = postSolution
		{580F43FA-1212-4C48-BFB8-638C1C4B7938}.Debug|Any CPU.ActiveCfg = Debug|Any CPU
		{580F43FA-1212-4C48-BFB8-638C1C4B7938}.Debug|Any CPU.Build.0 = Debug|Any CPU
		{580F43FA-1212-4C48-BFB8-638C1C4B7938}.Release|Any CPU.ActiveCfg = Release|Any CPU
		{580F43FA-1212-4C48-BFB8-638C1C4B7938}.Release|Any CPU.Build.0 = Release|Any CPU
	EndGlobalSection
	GlobalSection(SolutionProperties) = preSolution
		HideSolutionNode = FALSE
	EndGlobalSection
	GlobalSection(ExtensibilityGlobals) = postSolution
		SolutionGuid = {4D9B3FB4-5208-4AC6-81D8-7B5A44D48B92}
	EndGlobalSection
EndGlobal
